# @generated by Move, please check-in and do not edit manually.

[move]
version = 3
manifest_digest = "A868E926BA8101A2D046231171C2BD0DB551A31B660B2594BBCA80E0DCAEEAFF"
deps_digest = "3C4103934B1E040BB6B23F1D610B4EF9F2F1166A50A104EADCF77467C004C600"
dependencies = [
  { id = "Sui", name = "Sui" },
  { id = "enclave", name = "enclave" },
]

[[move.package]]
id = "MoveStdlib"
source = { git = "https://github.com/MystenLabs/sui.git", rev = "framework/testnet", subdir = "crates/sui-framework/packages/move-stdlib" }

[[move.package]]
id = "Sui"
source = { git = "https://github.com/MystenLabs/sui.git", rev = "framework/testnet", subdir = "crates/sui-framework/packages/sui-framework" }

dependencies = [
  { id = "MoveStdlib", name = "MoveStdlib" },
]

[[move.package]]
id = "enclave"
source = { local = "../enclave" }

dependencies = [
  { id = "Sui", name = "Sui" },
]

[move.toolchain-version]
compiler-version = "1.47.0"
edition = "2024.beta"
flavor = "sui"

[env]

[env.test]
chain-id = "4c78adac"
original-published-id = "0xac5e532633c4254435242a2e64a0e92e7f9c1331d142a6d2c02330a1a9042c23"
latest-published-id = "0xac5e532633c4254435242a2e64a0e92e7f9c1331d142a6d2c02330a1a9042c23"
published-version = "1"
